
Microsoft Visual Studio Solution File, Format Version 12.00
# Visual Studio 15
VisualStudioVersion = 15.0.28307.1684
MinimumVisualStudioVersion = 10.0.40219.1
Project("{FAE04EC0-301F-11D3-BF4B-00C04F79EFBC}") = "MVCpersonal_site", "MVCpersonal_site\MVCpersonal_site.csproj", "{2BF86468-F9A5-40E7-8434-1A34FC2B7743}"
EndProject
Global
	GlobalSection(SolutionConfigurationPlatforms) = preSolution
		Debug|Any CPU = Debug|Any CPU
		Release|Any CPU = Release|Any CPU
	EndGlobalSection
	GlobalSection(ProjectConfigurationPlatforms) = postSolution
		{2BF86468-F9A5-40E7-8434-1A34FC2B7743}.Debug|Any CPU.ActiveCfg = Debug|Any CPU
		{2BF86468-F9A5-40E7-8434-1A34FC2B7743}.Debug|Any CPU.Build.0 = Debug|Any CPU
		{2BF86468-F9A5-40E7-8434-1A34FC2B7743}.Release|Any CPU.ActiveCfg = Release|Any CPU
		{2BF86468-F9A5-40E7-8434-1A34FC2B7743}.Release|Any CPU.Build.0 = Release|Any CPU
	EndGlobalSection
	GlobalSection(SolutionProperties) = preSolution
		HideSolutionNode = FALSE
	EndGlobalSection
	GlobalSection(ExtensibilityGlobals) = postSolution
		SolutionGuid = {6EF30672-4676-46EA-BE5F-5ACA83C2DC3A}
	EndGlobalSection
EndGlobal
